
Microsoft Visual Studio Solution File, Format Version 12.00
# Visual Studio Version 17
VisualStudioVersion = 17.14.36408.4 d17.14
MinimumVisualStudioVersion = 10.0.40219.1
Project("{2150E333-8FDC-42A3-9474-1A3956D46DE8}") = "src", "src", "{02EA681E-C7D8-13C7-8484-4AC65E1B71E8}"
EndProject
Project("{2150E333-8FDC-42A3-9474-1A3956D46DE8}") = "core", "core", "{E65B737F-4157-4720-B637-185571FE1D3D}"
EndProject
Project("{2150E333-8FDC-42A3-9474-1A3956D46DE8}") = "projects", "projects", "{412029BE-80FC-4506-A64B-22393A1E40F0}"
EndProject
Project("{FAE04EC0-301F-11D3-BF4B-00C04F79EFBC}") = "MovieProject.Entities", "MovieProject.Entities\MovieProject.Entities.csproj", "{45811985-7712-4FA7-BFDC-45BBFC0AEEA7}"
EndProject
Project("{FAE04EC0-301F-11D3-BF4B-00C04F79EFBC}") = "MovieProject.DataAccess", "MovieProject.DataAccess\MovieProject.DataAccess.csproj", "{377AA0F0-BC85-492A-B8FF-6C6BB6AA3822}"
EndProject
Project("{FAE04EC0-301F-11D3-BF4B-00C04F79EFBC}") = "MovieProject.Business", "MovieProject.Business\MovieProject.Business.csproj", "{1161634E-7173-4BEE-9C84-3F9FF5D8860A}"
EndProject
Project("{FAE04EC0-301F-11D3-BF4B-00C04F79EFBC}") = "MovieProject.WebAPI", "MovieProject.WebAPI\MovieProject.WebAPI.csproj", "{2FFA3A96-B8AC-4257-A040-8390261A54A8}"
EndProject
Project("{FAE04EC0-301F-11D3-BF4B-00C04F79EFBC}") = "CoreEntity", "CoreEntity\CoreEntity.csproj", "{6215A052-166C-44B4-A818-061BEA5A401E}"
EndProject
Project("{FAE04EC0-301F-11D3-BF4B-00C04F79EFBC}") = "Core.DataAccess", "Core.DataAccess\Core.DataAccess.csproj", "{9C469918-4D86-4A07-89C2-FDBC80265546}"
EndProject
Project("{FAE04EC0-301F-11D3-BF4B-00C04F79EFBC}") = "Core.Business", "Core.Business\Core.Business.csproj", "{224680B8-91BA-4F2F-8ED1-F5845833DDB5}"
EndProject
Global
	GlobalSection(SolutionConfigurationPlatforms) = preSolution
		Debug|Any CPU = Debug|Any CPU
		Release|Any CPU = Release|Any CPU
	EndGlobalSection
	GlobalSection(ProjectConfigurationPlatforms) = postSolution
		{45811985-7712-4FA7-BFDC-45BBFC0AEEA7}.Debug|Any CPU.ActiveCfg = Debug|Any CPU
		{45811985-7712-4FA7-BFDC-45BBFC0AEEA7}.Debug|Any CPU.Build.0 = Debug|Any CPU
		{45811985-7712-4FA7-BFDC-45BBFC0AEEA7}.Release|Any CPU.ActiveCfg = Release|Any CPU
		{45811985-7712-4FA7-BFDC-45BBFC0AEEA7}.Release|Any CPU.Build.0 = Release|Any CPU
		{377AA0F0-BC85-492A-B8FF-6C6BB6AA3822}.Debug|Any CPU.ActiveCfg = Debug|Any CPU
		{377AA0F0-BC85-492A-B8FF-6C6BB6AA3822}.Debug|Any CPU.Build.0 = Debug|Any CPU
		{377AA0F0-BC85-492A-B8FF-6C6BB6AA3822}.Release|Any CPU.ActiveCfg = Release|Any CPU
		{377AA0F0-BC85-492A-B8FF-6C6BB6AA3822}.Release|Any CPU.Build.0 = Release|Any CPU
		{1161634E-7173-4BEE-9C84-3F9FF5D8860A}.Debug|Any CPU.ActiveCfg = Debug|Any CPU
		{1161634E-7173-4BEE-9C84-3F9FF5D8860A}.Debug|Any CPU.Build.0 = Debug|Any CPU
		{1161634E-7173-4BEE-9C84-3F9FF5D8860A}.Release|Any CPU.ActiveCfg = Release|Any CPU
		{1161634E-7173-4BEE-9C84-3F9FF5D8860A}.Release|Any CPU.Build.0 = Release|Any CPU
		{2FFA3A96-B8AC-4257-A040-8390261A54A8}.Debug|Any CPU.ActiveCfg = Debug|Any CPU
		{2FFA3A96-B8AC-4257-A040-8390261A54A8}.Debug|Any CPU.Build.0 = Debug|Any CPU
		{2FFA3A96-B8AC-4257-A040-8390261A54A8}.Release|Any CPU.ActiveCfg = Release|Any CPU
		{2FFA3A96-B8AC-4257-A040-8390261A54A8}.Release|Any CPU.Build.0 = Release|Any CPU
		{6215A052-166C-44B4-A818-061BEA5A401E}.Debug|Any CPU.ActiveCfg = Debug|Any CPU
		{6215A052-166C-44B4-A818-061BEA5A401E}.Debug|Any CPU.Build.0 = Debug|Any CPU
		{6215A052-166C-44B4-A818-061BEA5A401E}.Release|Any CPU.ActiveCfg = Release|Any CPU
		{6215A052-166C-44B4-A818-061BEA5A401E}.Release|Any CPU.Build.0 = Release|Any CPU
		{9C469918-4D86-4A07-89C2-FDBC80265546}.Debug|Any CPU.ActiveCfg = Debug|Any CPU
		{9C469918-4D86-4A07-89C2-FDBC80265546}.Debug|Any CPU.Build.0 = Debug|Any CPU
		{9C469918-4D86-4A07-89C2-FDBC80265546}.Release|Any CPU.ActiveCfg = Release|Any CPU
		{9C469918-4D86-4A07-89C2-FDBC80265546}.Release|Any CPU.Build.0 = Release|Any CPU
		{224680B8-91BA-4F2F-8ED1-F5845833DDB5}.Debug|Any CPU.ActiveCfg = Debug|Any CPU
		{224680B8-91BA-4F2F-8ED1-F5845833DDB5}.Debug|Any CPU.Build.0 = Debug|Any CPU
		{224680B8-91BA-4F2F-8ED1-F5845833DDB5}.Release|Any CPU.ActiveCfg = Release|Any CPU
		{224680B8-91BA-4F2F-8ED1-F5845833DDB5}.Release|Any CPU.Build.0 = Release|Any CPU
	EndGlobalSection
	GlobalSection(SolutionProperties) = preSolution
		HideSolutionNode = FALSE
	EndGlobalSection
	GlobalSection(NestedProjects) = preSolution
		{E65B737F-4157-4720-B637-185571FE1D3D} = {02EA681E-C7D8-13C7-8484-4AC65E1B71E8}
		{412029BE-80FC-4506-A64B-22393A1E40F0} = {02EA681E-C7D8-13C7-8484-4AC65E1B71E8}
		{45811985-7712-4FA7-BFDC-45BBFC0AEEA7} = {412029BE-80FC-4506-A64B-22393A1E40F0}
		{377AA0F0-BC85-492A-B8FF-6C6BB6AA3822} = {412029BE-80FC-4506-A64B-22393A1E40F0}
		{1161634E-7173-4BEE-9C84-3F9FF5D8860A} = {412029BE-80FC-4506-A64B-22393A1E40F0}
		{2FFA3A96-B8AC-4257-A040-8390261A54A8} = {412029BE-80FC-4506-A64B-22393A1E40F0}
		{6215A052-166C-44B4-A818-061BEA5A401E} = {E65B737F-4157-4720-B637-185571FE1D3D}
		{9C469918-4D86-4A07-89C2-FDBC80265546} = {E65B737F-4157-4720-B637-185571FE1D3D}
		{224680B8-91BA-4F2F-8ED1-F5845833DDB5} = {E65B737F-4157-4720-B637-185571FE1D3D}
	EndGlobalSection
	GlobalSection(ExtensibilityGlobals) = postSolution
		SolutionGuid = {69022672-0D81-4C10-BC92-CB16A5743F80}
	EndGlobalSection
EndGlobal
